
Microsoft Visual Studio Solution File, Format Version 12.00
# Visual Studio Version 16
VisualStudioVersion = 25.0.1706.1
MinimumVisualStudioVersion = 10.0.40219.1
Project("{FAE04EC0-301F-11D3-BF4B-00C04F79EFBC}") = "Average2", "Average2\Average2.csproj", "{871FD95A-7DE8-4BB1-A96D-427AC0D83FC9}"
EndProject
Global
	GlobalSection(SolutionConfigurationPlatforms) = preSolution
		Debug|Any CPU = Debug|Any CPU
		Release|Any CPU = Release|Any CPU
	EndGlobalSection
	GlobalSection(ProjectConfigurationPlatforms) = postSolution
		{871FD95A-7DE8-4BB1-A96D-427AC0D83FC9}.Debug|Any CPU.ActiveCfg = Debug|Any CPU
		{871FD95A-7DE8-4BB1-A96D-427AC0D83FC9}.Debug|Any CPU.Build.0 = Debug|Any CPU
		{871FD95A-7DE8-4BB1-A96D-427AC0D83FC9}.Release|Any CPU.ActiveCfg = Release|Any CPU
		{871FD95A-7DE8-4BB1-A96D-427AC0D83FC9}.Release|Any CPU.Build.0 = Release|Any CPU
	EndGlobalSection
	GlobalSection(SolutionProperties) = preSolution
		HideSolutionNode = FALSE
	EndGlobalSection
	GlobalSection(ExtensibilityGlobals) = postSolution
		SolutionGuid = {486831F7-2F69-400E-9FB1-4300D1A3992A}
	EndGlobalSection
EndGlobal
