
Microsoft Visual Studio Solution File, Format Version 12.00
# Visual Studio Version 16
VisualStudioVersion = 25.0.1706.3
MinimumVisualStudioVersion = 10.0.40219.1
Project("{FAE04EC0-301F-11D3-BF4B-00C04F79EFBC}") = "Month", "Month\Month.csproj", "{05003349-64A6-41B1-A898-7B06348EBEB9}"
EndProject
Global
	GlobalSection(SolutionConfigurationPlatforms) = preSolution
		Debug|Any CPU = Debug|Any CPU
		Release|Any CPU = Release|Any CPU
	EndGlobalSection
	GlobalSection(ProjectConfigurationPlatforms) = postSolution
		{05003349-64A6-41B1-A898-7B06348EBEB9}.Debug|Any CPU.ActiveCfg = Debug|Any CPU
		{05003349-64A6-41B1-A898-7B06348EBEB9}.Debug|Any CPU.Build.0 = Debug|Any CPU
		{05003349-64A6-41B1-A898-7B06348EBEB9}.Release|Any CPU.ActiveCfg = Release|Any CPU
		{05003349-64A6-41B1-A898-7B06348EBEB9}.Release|Any CPU.Build.0 = Release|Any CPU
	EndGlobalSection
	GlobalSection(SolutionProperties) = preSolution
		HideSolutionNode = FALSE
	EndGlobalSection
	GlobalSection(ExtensibilityGlobals) = postSolution
		SolutionGuid = {BA56FD20-88B3-442B-9A27-6B6DDFFAF23B}
	EndGlobalSection
EndGlobal
