
Microsoft Visual Studio Solution File, Format Version 12.00
# Visual Studio Version 16
VisualStudioVersion = 25.0.1706.4
MinimumVisualStudioVersion = 10.0.40219.1
Project("{FAE04EC0-301F-11D3-BF4B-00C04F79EFBC}") = "Jogo100Dados", "Jogo100Dados\Jogo100Dados.csproj", "{4D7CBE1C-7F5F-48DB-8A21-CF44C88A0E34}"
EndProject
Global
	GlobalSection(SolutionConfigurationPlatforms) = preSolution
		Debug|Any CPU = Debug|Any CPU
		Release|Any CPU = Release|Any CPU
	EndGlobalSection
	GlobalSection(ProjectConfigurationPlatforms) = postSolution
		{4D7CBE1C-7F5F-48DB-8A21-CF44C88A0E34}.Debug|Any CPU.ActiveCfg = Debug|Any CPU
		{4D7CBE1C-7F5F-48DB-8A21-CF44C88A0E34}.Debug|Any CPU.Build.0 = Debug|Any CPU
		{4D7CBE1C-7F5F-48DB-8A21-CF44C88A0E34}.Release|Any CPU.ActiveCfg = Release|Any CPU
		{4D7CBE1C-7F5F-48DB-8A21-CF44C88A0E34}.Release|Any CPU.Build.0 = Release|Any CPU
	EndGlobalSection
	GlobalSection(SolutionProperties) = preSolution
		HideSolutionNode = FALSE
	EndGlobalSection
	GlobalSection(ExtensibilityGlobals) = postSolution
		SolutionGuid = {5D314C12-2EB0-477D-964A-0FB472E6FCA3}
	EndGlobalSection
EndGlobal
